<?xml version="1.0" encoding="utf-8"?>
<Project ToolsVersion="4.0" xmlns="http://schemas.microsoft.com/developer/msbuild/2003">
  <ItemGroup>
    <ClCompile Include="dllmain.cpp" />
    <ClCompile Include="Memory.cpp" />
    <ClCompile Include="Assembly.cpp" />
  </ItemGroup>
  <ItemGroup>
    <ClInclude Include="Unreal.h" />
    <ClInclude Include="Memory.h" />
    <ClInclude Include="Assembly.h" />
    <ClInclude Include="Constants.h" />
    <ClInclude Include="Platform.h" />
  </ItemGroup>
</Project>